// !$*UTF8*$!
{
	archiveVersion = 1;
	classes = {
	};
	objectVersion = 55;
	objects = {

/* Begin PBXBuildFile section */
		C94A597A28210D830028EE33 /* ProfileHeaderView.swift in Sources */ = {isa = PBXBuildFile; fileRef = C94A597928210D830028EE33 /* ProfileHeaderView.swift */; };
		C94A597C28210DC90028EE33 /* ProfileViewController.swift in Sources */ = {isa = PBXBuildFile; fileRef = C94A597B28210DC90028EE33 /* ProfileViewController.swift */; };
		C98828F92813EDB80071930A /* MainTabBarViewController.swift in Sources */ = {isa = PBXBuildFile; fileRef = C98828F82813EDB80071930A /* MainTabBarViewController.swift */; };
		C988ED8227F8AF3D0089FBE5 /* AppDelegate.swift in Sources */ = {isa = PBXBuildFile; fileRef = C988ED8127F8AF3D0089FBE5 /* AppDelegate.swift */; };
		C988ED8427F8AF3D0089FBE5 /* SceneDelegate.swift in Sources */ = {isa = PBXBuildFile; fileRef = C988ED8327F8AF3D0089FBE5 /* SceneDelegate.swift */; };
		C988ED8B27F8AF3F0089FBE5 /* Assets.xcassets in Resources */ = {isa = PBXBuildFile; fileRef = C988ED8A27F8AF3F0089FBE5 /* Assets.xcassets */; };
		C988ED8E27F8AF3F0089FBE5 /* LaunchScreen.storyboard in Resources */ = {isa = PBXBuildFile; fileRef = C988ED8C27F8AF3F0089FBE5 /* LaunchScreen.storyboard */; };
		C98B4CD5282634300098DE64 /* HexUIColor.swift in Sources */ = {isa = PBXBuildFile; fileRef = C98B4CD42826342F0098DE64 /* HexUIColor.swift */; };
		C98B4CD7282636130098DE64 /* LoginViewController.swift in Sources */ = {isa = PBXBuildFile; fileRef = C98B4CD6282636130098DE64 /* LoginViewController.swift */; };
		C98E8FF3282B7DF5003A2E09 /* PostModel.swift in Sources */ = {isa = PBXBuildFile; fileRef = C98E8FF2282B7DF5003A2E09 /* PostModel.swift */; };
		C98E8FF5282B80DF003A2E09 /* PostTableViewCell.swift in Sources */ = {isa = PBXBuildFile; fileRef = C98E8FF4282B80DF003A2E09 /* PostTableViewCell.swift */; };
		C98E8FF7282B81F3003A2E09 /* UIView+Extension.swift in Sources */ = {isa = PBXBuildFile; fileRef = C98E8FF6282B81F3003A2E09 /* UIView+Extension.swift */; };
		C99A5C5B281D2B2400A3FD8A /* FeedViewController.swift in Sources */ = {isa = PBXBuildFile; fileRef = C99A5C5A281D2B2400A3FD8A /* FeedViewController.swift */; };
		C99A5C5F281D317E00A3FD8A /* PostViewController.swift in Sources */ = {isa = PBXBuildFile; fileRef = C99A5C5E281D317E00A3FD8A /* PostViewController.swift */; };
		C99A5C61281D3BCD00A3FD8A /* InfoViewController.swift in Sources */ = {isa = PBXBuildFile; fileRef = C99A5C60281D3BCD00A3FD8A /* InfoViewController.swift */; };
		C99A5C63281D432300A3FD8A /* PostStruct.swift in Sources */ = {isa = PBXBuildFile; fileRef = C99A5C62281D432300A3FD8A /* PostStruct.swift */; };
/* End PBXBuildFile section */

/* Begin PBXFileReference section */
		C94A597928210D830028EE33 /* ProfileHeaderView.swift */ = {isa = PBXFileReference; lastKnownFileType = sourcecode.swift; path = ProfileHeaderView.swift; sourceTree = "<group>"; };
		C94A597B28210DC90028EE33 /* ProfileViewController.swift */ = {isa = PBXFileReference; lastKnownFileType = sourcecode.swift; path = ProfileViewController.swift; sourceTree = "<group>"; };
		C98828F82813EDB80071930A /* MainTabBarViewController.swift */ = {isa = PBXFileReference; lastKnownFileType = sourcecode.swift; path = MainTabBarViewController.swift; sourceTree = "<group>"; };
		C988ED7E27F8AF3D0089FBE5 /* Navigation.app */ = {isa = PBXFileReference; explicitFileType = wrapper.application; includeInIndex = 0; path = Navigation.app; sourceTree = BUILT_PRODUCTS_DIR; };
		C988ED8127F8AF3D0089FBE5 /* AppDelegate.swift */ = {isa = PBXFileReference; lastKnownFileType = sourcecode.swift; path = AppDelegate.swift; sourceTree = "<group>"; };
		C988ED8327F8AF3D0089FBE5 /* SceneDelegate.swift */ = {isa = PBXFileReference; lastKnownFileType = sourcecode.swift; path = SceneDelegate.swift; sourceTree = "<group>"; };
		C988ED8A27F8AF3F0089FBE5 /* Assets.xcassets */ = {isa = PBXFileReference; lastKnownFileType = folder.assetcatalog; path = Assets.xcassets; sourceTree = "<group>"; };
		C988ED8D27F8AF3F0089FBE5 /* Base */ = {isa = PBXFileReference; lastKnownFileType = file.storyboard; name = Base; path = Base.lproj/LaunchScreen.storyboard; sourceTree = "<group>"; };
		C988ED8F27F8AF3F0089FBE5 /* Info.plist */ = {isa = PBXFileReference; lastKnownFileType = text.plist.xml; path = Info.plist; sourceTree = "<group>"; };
		C98B4CD42826342F0098DE64 /* HexUIColor.swift */ = {isa = PBXFileReference; lastKnownFileType = sourcecode.swift; path = HexUIColor.swift; sourceTree = "<group>"; };
		C98B4CD6282636130098DE64 /* LoginViewController.swift */ = {isa = PBXFileReference; lastKnownFileType = sourcecode.swift; path = LoginViewController.swift; sourceTree = "<group>"; };
		C98E8FF2282B7DF5003A2E09 /* PostModel.swift */ = {isa = PBXFileReference; lastKnownFileType = sourcecode.swift; path = PostModel.swift; sourceTree = "<group>"; };
		C98E8FF4282B80DF003A2E09 /* PostTableViewCell.swift */ = {isa = PBXFileReference; lastKnownFileType = sourcecode.swift; path = PostTableViewCell.swift; sourceTree = "<group>"; };
		C98E8FF6282B81F3003A2E09 /* UIView+Extension.swift */ = {isa = PBXFileReference; lastKnownFileType = sourcecode.swift; path = "UIView+Extension.swift"; sourceTree = "<group>"; };
		C99A5C5A281D2B2400A3FD8A /* FeedViewController.swift */ = {isa = PBXFileReference; lastKnownFileType = sourcecode.swift; path = FeedViewController.swift; sourceTree = "<group>"; };
		C99A5C5E281D317E00A3FD8A /* PostViewController.swift */ = {isa = PBXFileReference; lastKnownFileType = sourcecode.swift; path = PostViewController.swift; sourceTree = "<group>"; };
		C99A5C60281D3BCD00A3FD8A /* InfoViewController.swift */ = {isa = PBXFileReference; lastKnownFileType = sourcecode.swift; path = InfoViewController.swift; sourceTree = "<group>"; };
		C99A5C62281D432300A3FD8A /* PostStruct.swift */ = {isa = PBXFileReference; lastKnownFileType = sourcecode.swift; path = PostStruct.swift; sourceTree = "<group>"; };
/* End PBXFileReference section */

/* Begin PBXFrameworksBuildPhase section */
		C988ED7B27F8AF3D0089FBE5 /* Frameworks */ = {
			isa = PBXFrameworksBuildPhase;
			buildActionMask = 2147483647;
			files = (
			);
			runOnlyForDeploymentPostprocessing = 0;
		};
/* End PBXFrameworksBuildPhase section */

/* Begin PBXGroup section */
		C94A597828210D4D0028EE33 /* Profile */ = {
			isa = PBXGroup;
			children = (
				C94A597B28210DC90028EE33 /* ProfileViewController.swift */,
				C94A597928210D830028EE33 /* ProfileHeaderView.swift */,
				C98B4CD6282636130098DE64 /* LoginViewController.swift */,
				C98B4CD42826342F0098DE64 /* HexUIColor.swift */,
			);
			path = Profile;
			sourceTree = "<group>";
		};
		C988ED7527F8AF3D0089FBE5 = {
			isa = PBXGroup;
			children = (
				C988ED8027F8AF3D0089FBE5 /* Navigation */,
				C988ED7F27F8AF3D0089FBE5 /* Products */,
			);
			sourceTree = "<group>";
		};
		C988ED7F27F8AF3D0089FBE5 /* Products */ = {
			isa = PBXGroup;
			children = (
				C988ED7E27F8AF3D0089FBE5 /* Navigation.app */,
			);
			name = Products;
			sourceTree = "<group>";
		};
		C988ED8027F8AF3D0089FBE5 /* Navigation */ = {
			isa = PBXGroup;
			children = (
				C98E8FF1282B7D10003A2E09 /* Post */,
				C94A597828210D4D0028EE33 /* Profile */,
				C988ED8127F8AF3D0089FBE5 /* AppDelegate.swift */,
				C98828F82813EDB80071930A /* MainTabBarViewController.swift */,
				C99A5C5A281D2B2400A3FD8A /* FeedViewController.swift */,
				C99A5C60281D3BCD00A3FD8A /* InfoViewController.swift */,
				C988ED8327F8AF3D0089FBE5 /* SceneDelegate.swift */,
				C988ED8A27F8AF3F0089FBE5 /* Assets.xcassets */,
				C988ED8C27F8AF3F0089FBE5 /* LaunchScreen.storyboard */,
				C988ED8F27F8AF3F0089FBE5 /* Info.plist */,
			);
			path = Navigation;
			sourceTree = "<group>";
		};
		C98E8FF1282B7D10003A2E09 /* Post */ = {
			isa = PBXGroup;
			children = (
				C99A5C5E281D317E00A3FD8A /* PostViewController.swift */,
				C98E8FF2282B7DF5003A2E09 /* PostModel.swift */,
				C98E8FF4282B80DF003A2E09 /* PostTableViewCell.swift */,
				C99A5C62281D432300A3FD8A /* PostStruct.swift */,
				C98E8FF6282B81F3003A2E09 /* UIView+Extension.swift */,
			);
			path = Post;
			sourceTree = "<group>";
		};
/* End PBXGroup section */

/* Begin PBXNativeTarget section */
		C988ED7D27F8AF3D0089FBE5 /* Navigation */ = {
			isa = PBXNativeTarget;
			buildConfigurationList = C988ED9227F8AF3F0089FBE5 /* Build configuration list for PBXNativeTarget "Navigation" */;
			buildPhases = (
				C988ED7A27F8AF3D0089FBE5 /* Sources */,
				C988ED7B27F8AF3D0089FBE5 /* Frameworks */,
				C988ED7C27F8AF3D0089FBE5 /* Resources */,
			);
			buildRules = (
			);
			dependencies = (
			);
			name = Navigation;
			productName = Navigation;
			productReference = C988ED7E27F8AF3D0089FBE5 /* Navigation.app */;
			productType = "com.apple.product-type.application";
		};
/* End PBXNativeTarget section */

/* Begin PBXProject section */
		C988ED7627F8AF3D0089FBE5 /* Project object */ = {
			isa = PBXProject;
			attributes = {
				BuildIndependentTargetsInParallel = 1;
				LastSwiftUpdateCheck = 1310;
				LastUpgradeCheck = 1310;
				TargetAttributes = {
					C988ED7D27F8AF3D0089FBE5 = {
						CreatedOnToolsVersion = 13.1;
					};
				};
			};
			buildConfigurationList = C988ED7927F8AF3D0089FBE5 /* Build configuration list for PBXProject "Navigation" */;
			compatibilityVersion = "Xcode 13.0";
			developmentRegion = en;
			hasScannedForEncodings = 0;
			knownRegions = (
				en,
				Base,
			);
			mainGroup = C988ED7527F8AF3D0089FBE5;
			productRefGroup = C988ED7F27F8AF3D0089FBE5 /* Products */;
			projectDirPath = "";
			projectRoot = "";
			targets = (
				C988ED7D27F8AF3D0089FBE5 /* Navigation */,
			);
		};
/* End PBXProject section */

/* Begin PBXResourcesBuildPhase section */
		C988ED7C27F8AF3D0089FBE5 /* Resources */ = {
			isa = PBXResourcesBuildPhase;
			buildActionMask = 2147483647;
			files = (
				C988ED8E27F8AF3F0089FBE5 /* LaunchScreen.storyboard in Resources */,
				C988ED8B27F8AF3F0089FBE5 /* Assets.xcassets in Resources */,
			);
			runOnlyForDeploymentPostprocessing = 0;
		};
/* End PBXResourcesBuildPhase section */

/* Begin PBXSourcesBuildPhase section */
		C988ED7A27F8AF3D0089FBE5 /* Sources */ = {
			isa = PBXSourcesBuildPhase;
			buildActionMask = 2147483647;
			files = (
				C99A5C5F281D317E00A3FD8A /* PostViewController.swift in Sources */,
				C98E8FF3282B7DF5003A2E09 /* PostModel.swift in Sources */,
				C98E8FF5282B80DF003A2E09 /* PostTableViewCell.swift in Sources */,
				C98828F92813EDB80071930A /* MainTabBarViewController.swift in Sources */,
				C988ED8227F8AF3D0089FBE5 /* AppDelegate.swift in Sources */,
				C98B4CD5282634300098DE64 /* HexUIColor.swift in Sources */,
				C988ED8427F8AF3D0089FBE5 /* SceneDelegate.swift in Sources */,
				C94A597C28210DC90028EE33 /* ProfileViewController.swift in Sources */,
				C98E8FF7282B81F3003A2E09 /* UIView+Extension.swift in Sources */,
				C99A5C63281D432300A3FD8A /* PostStruct.swift in Sources */,
				C94A597A28210D830028EE33 /* ProfileHeaderView.swift in Sources */,
				C99A5C61281D3BCD00A3FD8A /* InfoViewController.swift in Sources */,
				C99A5C5B281D2B2400A3FD8A /* FeedViewController.swift in Sources */,
				C98B4CD7282636130098DE64 /* LoginViewController.swift in Sources */,
			);
			runOnlyForDeploymentPostprocessing = 0;
		};
/* End PBXSourcesBuildPhase section */

/* Begin PBXVariantGroup section */
		C988ED8C27F8AF3F0089FBE5 /* LaunchScreen.storyboard */ = {
			isa = PBXVariantGroup;
			children = (
				C988ED8D27F8AF3F0089FBE5 /* Base */,
			);
			name = LaunchScreen.storyboard;
			sourceTree = "<group>";
		};
/* End PBXVariantGroup section */

/* Begin XCBuildConfiguration section */
		C988ED9027F8AF3F0089FBE5 /* Debug */ = {
			isa = XCBuildConfiguration;
			buildSettings = {
				ALWAYS_SEARCH_USER_PATHS = NO;
				CLANG_ANALYZER_NONNULL = YES;
				CLANG_ANALYZER_NUMBER_OBJECT_CONVERSION = YES_AGGRESSIVE;
				CLANG_CXX_LANGUAGE_STANDARD = "gnu++17";
				CLANG_CXX_LIBRARY = "libc++";
				CLANG_ENABLE_MODULES = YES;
				CLANG_ENABLE_OBJC_ARC = YES;
				CLANG_ENABLE_OBJC_WEAK = YES;
				CLANG_WARN_BLOCK_CAPTURE_AUTORELEASING = YES;
				CLANG_WARN_BOOL_CONVERSION = YES;
				CLANG_WARN_COMMA = YES;
				CLANG_WARN_CONSTANT_CONVERSION = YES;
				CLANG_WARN_DEPRECATED_OBJC_IMPLEMENTATIONS = YES;
				CLANG_WARN_DIRECT_OBJC_ISA_USAGE = YES_ERROR;
				CLANG_WARN_DOCUMENTATION_COMMENTS = YES;
				CLANG_WARN_EMPTY_BODY = YES;
				CLANG_WARN_ENUM_CONVERSION = YES;
				CLANG_WARN_INFINITE_RECURSION = YES;
				CLANG_WARN_INT_CONVERSION = YES;
				CLANG_WARN_NON_LITERAL_NULL_CONVERSION = YES;
				CLANG_WARN_OBJC_IMPLICIT_RETAIN_SELF = YES;
				CLANG_WARN_OBJC_LITERAL_CONVERSION = YES;
				CLANG_WARN_OBJC_ROOT_CLASS = YES_ERROR;
				CLANG_WARN_QUOTED_INCLUDE_IN_FRAMEWORK_HEADER = YES;
				CLANG_WARN_RANGE_LOOP_ANALYSIS = YES;
				CLANG_WARN_STRICT_PROTOTYPES = YES;
				CLANG_WARN_SUSPICIOUS_MOVE = YES;
				CLANG_WARN_UNGUARDED_AVAILABILITY = YES_AGGRESSIVE;
				CLANG_WARN_UNREACHABLE_CODE = YES;
				CLANG_WARN__DUPLICATE_METHOD_MATCH = YES;
				COPY_PHASE_STRIP = NO;
				DEBUG_INFORMATION_FORMAT = dwarf;
				ENABLE_STRICT_OBJC_MSGSEND = YES;
				ENABLE_TESTABILITY = YES;
				GCC_C_LANGUAGE_STANDARD = gnu11;
				GCC_DYNAMIC_NO_PIC = NO;
				GCC_NO_COMMON_BLOCKS = YES;
				GCC_OPTIMIZATION_LEVEL = 0;
				GCC_PREPROCESSOR_DEFINITIONS = (
					"DEBUG=1",
					"$(inherited)",
				);
				GCC_WARN_64_TO_32_BIT_CONVERSION = YES;
				GCC_WARN_ABOUT_RETURN_TYPE = YES_ERROR;
				GCC_WARN_UNDECLARED_SELECTOR = YES;
				GCC_WARN_UNINITIALIZED_AUTOS = YES_AGGRESSIVE;
				GCC_WARN_UNUSED_FUNCTION = YES;
				GCC_WARN_UNUSED_VARIABLE = YES;
				IPHONEOS_DEPLOYMENT_TARGET = 15.0;
				MTL_ENABLE_DEBUG_INFO = INCLUDE_SOURCE;
				MTL_FAST_MATH = YES;
				ONLY_ACTIVE_ARCH = YES;
				SDKROOT = iphoneos;
				SWIFT_ACTIVE_COMPILATION_CONDITIONS = DEBUG;
				SWIFT_OPTIMIZATION_LEVEL = "-Onone";
			};
			name = Debug;
		};
		C988ED9127F8AF3F0089FBE5 /* Release */ = {
			isa = XCBuildConfiguration;
			buildSettings = {
				ALWAYS_SEARCH_USER_PATHS = NO;
				CLANG_ANALYZER_NONNULL = YES;
				CLANG_ANALYZER_NUMBER_OBJECT_CONVERSION = YES_AGGRESSIVE;
				CLANG_CXX_LANGUAGE_STANDARD = "gnu++17";
				CLANG_CXX_LIBRARY = "libc++";
				CLANG_ENABLE_MODULES = YES;
				CLANG_ENABLE_OBJC_ARC = YES;
				CLANG_ENABLE_OBJC_WEAK = YES;
				CLANG_WARN_BLOCK_CAPTURE_AUTORELEASING = YES;
				CLANG_WARN_BOOL_CONVERSION = YES;
				CLANG_WARN_COMMA = YES;
				CLANG_WARN_CONSTANT_CONVERSION = YES;
				CLANG_WARN_DEPRECATED_OBJC_IMPLEMENTATIONS = YES;
				CLANG_WARN_DIRECT_OBJC_ISA_USAGE = YES_ERROR;
				CLANG_WARN_DOCUMENTATION_COMMENTS = YES;
				CLANG_WARN_EMPTY_BODY = YES;
				CLANG_WARN_ENUM_CONVERSION = YES;
				CLANG_WARN_INFINITE_RECURSION = YES;
				CLANG_WARN_INT_CONVERSION = YES;
				CLANG_WARN_NON_LITERAL_NULL_CONVERSION = YES;
				CLANG_WARN_OBJC_IMPLICIT_RETAIN_SELF = YES;
				CLANG_WARN_OBJC_LITERAL_CONVERSION = YES;
				CLANG_WARN_OBJC_ROOT_CLASS = YES_ERROR;
				CLANG_WARN_QUOTED_INCLUDE_IN_FRAMEWORK_HEADER = YES;
				CLANG_WARN_RANGE_LOOP_ANALYSIS = YES;
				CLANG_WARN_STRICT_PROTOTYPES = YES;
				CLANG_WARN_SUSPICIOUS_MOVE = YES;
				CLANG_WARN_UNGUARDED_AVAILABILITY = YES_AGGRESSIVE;
				CLANG_WARN_UNREACHABLE_CODE = YES;
				CLANG_WARN__DUPLICATE_METHOD_MATCH = YES;
				COPY_PHASE_STRIP = NO;
				DEBUG_INFORMATION_FORMAT = "dwarf-with-dsym";
				ENABLE_NS_ASSERTIONS = NO;
				ENABLE_STRICT_OBJC_MSGSEND = YES;
				GCC_C_LANGUAGE_STANDARD = gnu11;
				GCC_NO_COMMON_BLOCKS = YES;
				GCC_WARN_64_TO_32_BIT_CONVERSION = YES;
				GCC_WARN_ABOUT_RETURN_TYPE = YES_ERROR;
				GCC_WARN_UNDECLARED_SELECTOR = YES;
				GCC_WARN_UNINITIALIZED_AUTOS = YES_AGGRESSIVE;
				GCC_WARN_UNUSED_FUNCTION = YES;
				GCC_WARN_UNUSED_VARIABLE = YES;
				IPHONEOS_DEPLOYMENT_TARGET = 15.0;
				MTL_ENABLE_DEBUG_INFO = NO;
				MTL_FAST_MATH = YES;
				SDKROOT = iphoneos;
				SWIFT_COMPILATION_MODE = wholemodule;
				SWIFT_OPTIMIZATION_LEVEL = "-O";
				VALIDATE_PRODUCT = YES;
			};
			name = Release;
		};
		C988ED9327F8AF3F0089FBE5 /* Debug */ = {
			isa = XCBuildConfiguration;
			buildSettings = {
				ASSETCATALOG_COMPILER_APPICON_NAME = AppIcon;
				ASSETCATALOG_COMPILER_GLOBAL_ACCENT_COLOR_NAME = AccentColor;
				CODE_SIGN_STYLE = Automatic;
				CURRENT_PROJECT_VERSION = 1;
				DEVELOPMENT_TEAM = ZH9S338U9K;
				GENERATE_INFOPLIST_FILE = YES;
				INFOPLIST_FILE = Navigation/Info.plist;
				INFOPLIST_KEY_UIApplicationSupportsIndirectInputEvents = YES;
				INFOPLIST_KEY_UILaunchStoryboardName = LaunchScreen;
				INFOPLIST_KEY_UISupportedInterfaceOrientations_iPad = "UIInterfaceOrientationPortrait UIInterfaceOrientationPortraitUpsideDown UIInterfaceOrientationLandscapeLeft UIInterfaceOrientationLandscapeRight";
				INFOPLIST_KEY_UISupportedInterfaceOrientations_iPhone = "UIInterfaceOrientationPortrait UIInterfaceOrientationLandscapeLeft UIInterfaceOrientationLandscapeRight";
				LD_RUNPATH_SEARCH_PATHS = (
					"$(inherited)",
					"@executable_path/Frameworks",
				);
				MARKETING_VERSION = 1.0;
				PRODUCT_BUNDLE_IDENTIFIER = "Alexander-Fedorov.Navigation";
				PRODUCT_NAME = "$(TARGET_NAME)";
				SWIFT_EMIT_LOC_STRINGS = YES;
				SWIFT_VERSION = 5.0;
				TARGETED_DEVICE_FAMILY = "1,2";
			};
			name = Debug;
		};
		C988ED9427F8AF3F0089FBE5 /* Release */ = {
			isa = XCBuildConfiguration;
			buildSettings = {
				ASSETCATALOG_COMPILER_APPICON_NAME = AppIcon;
				ASSETCATALOG_COMPILER_GLOBAL_ACCENT_COLOR_NAME = AccentColor;
				CODE_SIGN_STYLE = Automatic;
				CURRENT_PROJECT_VERSION = 1;
				DEVELOPMENT_TEAM = ZH9S338U9K;
				GENERATE_INFOPLIST_FILE = YES;
				INFOPLIST_FILE = Navigation/Info.plist;
				INFOPLIST_KEY_UIApplicationSupportsIndirectInputEvents = YES;
				INFOPLIST_KEY_UILaunchStoryboardName = LaunchScreen;
				INFOPLIST_KEY_UISupportedInterfaceOrientations_iPad = "UIInterfaceOrientationPortrait UIInterfaceOrientationPortraitUpsideDown UIInterfaceOrientationLandscapeLeft UIInterfaceOrientationLandscapeRight";
				INFOPLIST_KEY_UISupportedInterfaceOrientations_iPhone = "UIInterfaceOrientationPortrait UIInterfaceOrientationLandscapeLeft UIInterfaceOrientationLandscapeRight";
				LD_RUNPATH_SEARCH_PATHS = (
					"$(inherited)",
					"@executable_path/Frameworks",
				);
				MARKETING_VERSION = 1.0;
				PRODUCT_BUNDLE_IDENTIFIER = "Alexander-Fedorov.Navigation";
				PRODUCT_NAME = "$(TARGET_NAME)";
				SWIFT_EMIT_LOC_STRINGS = YES;
				SWIFT_VERSION = 5.0;
				TARGETED_DEVICE_FAMILY = "1,2";
			};
			name = Release;
		};
/* End XCBuildConfiguration section */

/* Begin XCConfigurationList section */
		C988ED7927F8AF3D0089FBE5 /* Build configuration list for PBXProject "Navigation" */ = {
			isa = XCConfigurationList;
			buildConfigurations = (
				C988ED9027F8AF3F0089FBE5 /* Debug */,
				C988ED9127F8AF3F0089FBE5 /* Release */,
			);
			defaultConfigurationIsVisible = 0;
			defaultConfigurationName = Release;
		};
		C988ED9227F8AF3F0089FBE5 /* Build configuration list for PBXNativeTarget "Navigation" */ = {
			isa = XCConfigurationList;
			buildConfigurations = (
				C988ED9327F8AF3F0089FBE5 /* Debug */,
				C988ED9427F8AF3F0089FBE5 /* Release */,
			);
			defaultConfigurationIsVisible = 0;
			defaultConfigurationName = Release;
		};
/* End XCConfigurationList section */
	};
	rootObject = C988ED7627F8AF3D0089FBE5 /* Project object */;
}
